// !$*UTF8*$!
{
	archiveVersion = 1;
	classes = {
	};
	objectVersion = 50;
	objects = {

/* Begin PBXBuildFile section */
		846A090A259549A800A915FF /* AppDelegate.swift in Sources */ = {isa = PBXBuildFile; fileRef = 846A0909259549A800A915FF /* AppDelegate.swift */; };
		846A090C259549A800A915FF /* SceneDelegate.swift in Sources */ = {isa = PBXBuildFile; fileRef = 846A090B259549A800A915FF /* SceneDelegate.swift */; };
		846A090E259549A800A915FF /* ViewController.swift in Sources */ = {isa = PBXBuildFile; fileRef = 846A090D259549A800A915FF /* ViewController.swift */; };
		846A0911259549A800A915FF /* Main.storyboard in Resources */ = {isa = PBXBuildFile; fileRef = 846A090F259549A800A915FF /* Main.storyboard */; };
		846A0913259549AA00A915FF /* Assets.xcassets in Resources */ = {isa = PBXBuildFile; fileRef = 846A0912259549AA00A915FF /* Assets.xcassets */; };
		846A0916259549AA00A915FF /* LaunchScreen.storyboard in Resources */ = {isa = PBXBuildFile; fileRef = 846A0914259549AA00A915FF /* LaunchScreen.storyboard */; };
		846A0921259549AB00A915FF /* PreworkTests.swift in Sources */ = {isa = PBXBuildFile; fileRef = 846A0920259549AB00A915FF /* PreworkTests.swift */; };
		846A092C259549AB00A915FF /* PreworkUITests.swift in Sources */ = {isa = PBXBuildFile; fileRef = 846A092B259549AB00A915FF /* PreworkUITests.swift */; };
		846A093C2598297C00A915FF /* SettingsViewController.swift in Sources */ = {isa = PBXBuildFile; fileRef = 846A093B2598297C00A915FF /* SettingsViewController.swift */; };
/* End PBXBuildFile section */

/* Begin PBXContainerItemProxy section */
		846A091D259549AB00A915FF /* PBXContainerItemProxy */ = {
			isa = PBXContainerItemProxy;
			containerPortal = 846A08FE259549A800A915FF /* Project object */;
			proxyType = 1;
			remoteGlobalIDString = 846A0905259549A800A915FF;
			remoteInfo = Prework;
		};
		846A0928259549AB00A915FF /* PBXContainerItemProxy */ = {
			isa = PBXContainerItemProxy;
			containerPortal = 846A08FE259549A800A915FF /* Project object */;
			proxyType = 1;
			remoteGlobalIDString = 846A0905259549A800A915FF;
			remoteInfo = Prework;
		};
/* End PBXContainerItemProxy section */

/* Begin PBXFileReference section */
		846A0906259549A800A915FF /* Prework.app */ = {isa = PBXFileReference; explicitFileType = wrapper.application; includeInIndex = 0; path = Prework.app; sourceTree = BUILT_PRODUCTS_DIR; };
		846A0909259549A800A915FF /* AppDelegate.swift */ = {isa = PBXFileReference; lastKnownFileType = sourcecode.swift; path = AppDelegate.swift; sourceTree = "<group>"; };
		846A090B259549A800A915FF /* SceneDelegate.swift */ = {isa = PBXFileReference; lastKnownFileType = sourcecode.swift; path = SceneDelegate.swift; sourceTree = "<group>"; };
		846A090D259549A800A915FF /* ViewController.swift */ = {isa = PBXFileReference; lastKnownFileType = sourcecode.swift; path = ViewController.swift; sourceTree = "<group>"; };
		846A0910259549A800A915FF /* Base */ = {isa = PBXFileReference; lastKnownFileType = file.storyboard; name = Base; path = Base.lproj/Main.storyboard; sourceTree = "<group>"; };
		846A0912259549AA00A915FF /* Assets.xcassets */ = {isa = PBXFileReference; lastKnownFileType = folder.assetcatalog; path = Assets.xcassets; sourceTree = "<group>"; };
		846A0915259549AA00A915FF /* Base */ = {isa = PBXFileReference; lastKnownFileType = file.storyboard; name = Base; path = Base.lproj/LaunchScreen.storyboard; sourceTree = "<group>"; };
		846A0917259549AA00A915FF /* Info.plist */ = {isa = PBXFileReference; lastKnownFileType = text.plist.xml; path = Info.plist; sourceTree = "<group>"; };
		846A091C259549AB00A915FF /* PreworkTests.xctest */ = {isa = PBXFileReference; explicitFileType = wrapper.cfbundle; includeInIndex = 0; path = PreworkTests.xctest; sourceTree = BUILT_PRODUCTS_DIR; };
		846A0920259549AB00A915FF /* PreworkTests.swift */ = {isa = PBXFileReference; lastKnownFileType = sourcecode.swift; path = PreworkTests.swift; sourceTree = "<group>"; };
		846A0922259549AB00A915FF /* Info.plist */ = {isa = PBXFileReference; lastKnownFileType = text.plist.xml; path = Info.plist; sourceTree = "<group>"; };
		846A0927259549AB00A915FF /* PreworkUITests.xctest */ = {isa = PBXFileReference; explicitFileType = wrapper.cfbundle; includeInIndex = 0; path = PreworkUITests.xctest; sourceTree = BUILT_PRODUCTS_DIR; };
		846A092B259549AB00A915FF /* PreworkUITests.swift */ = {isa = PBXFileReference; lastKnownFileType = sourcecode.swift; path = PreworkUITests.swift; sourceTree = "<group>"; };
		846A092D259549AB00A915FF /* Info.plist */ = {isa = PBXFileReference; lastKnownFileType = text.plist.xml; path = Info.plist; sourceTree = "<group>"; };
		846A093B2598297C00A915FF /* SettingsViewController.swift */ = {isa = PBXFileReference; lastKnownFileType = sourcecode.swift; path = SettingsViewController.swift; sourceTree = "<group>"; };
/* End PBXFileReference section */

/* Begin PBXFrameworksBuildPhase section */
		846A0903259549A800A915FF /* Frameworks */ = {
			isa = PBXFrameworksBuildPhase;
			buildActionMask = 2147483647;
			files = (
			);
			runOnlyForDeploymentPostprocessing = 0;
		};
		846A0919259549AB00A915FF /* Frameworks */ = {
			isa = PBXFrameworksBuildPhase;
			buildActionMask = 2147483647;
			files = (
			);
			runOnlyForDeploymentPostprocessing = 0;
		};
		846A0924259549AB00A915FF /* Frameworks */ = {
			isa = PBXFrameworksBuildPhase;
			buildActionMask = 2147483647;
			files = (
			);
			runOnlyForDeploymentPostprocessing = 0;
		};
/* End PBXFrameworksBuildPhase section */

/* Begin PBXGroup section */
		846A08FD259549A800A915FF = {
			isa = PBXGroup;
			children = (
				846A0908259549A800A915FF /* Prework */,
				846A091F259549AB00A915FF /* PreworkTests */,
				846A092A259549AB00A915FF /* PreworkUITests */,
				846A0907259549A800A915FF /* Products */,
			);
			sourceTree = "<group>";
		};
		846A0907259549A800A915FF /* Products */ = {
			isa = PBXGroup;
			children = (
				846A0906259549A800A915FF /* Prework.app */,
				846A091C259549AB00A915FF /* PreworkTests.xctest */,
				846A0927259549AB00A915FF /* PreworkUITests.xctest */,
			);
			name = Products;
			sourceTree = "<group>";
		};
		846A0908259549A800A915FF /* Prework */ = {
			isa = PBXGroup;
			children = (
				846A0909259549A800A915FF /* AppDelegate.swift */,
				846A090B259549A800A915FF /* SceneDelegate.swift */,
				846A090D259549A800A915FF /* ViewController.swift */,
				846A090F259549A800A915FF /* Main.storyboard */,
				846A093B2598297C00A915FF /* SettingsViewController.swift */,
				846A0912259549AA00A915FF /* Assets.xcassets */,
				846A0914259549AA00A915FF /* LaunchScreen.storyboard */,
				846A0917259549AA00A915FF /* Info.plist */,
			);
			path = Prework;
			sourceTree = "<group>";
		};
		846A091F259549AB00A915FF /* PreworkTests */ = {
			isa = PBXGroup;
			children = (
				846A0920259549AB00A915FF /* PreworkTests.swift */,
				846A0922259549AB00A915FF /* Info.plist */,
			);
			path = PreworkTests;
			sourceTree = "<group>";
		};
		846A092A259549AB00A915FF /* PreworkUITests */ = {
			isa = PBXGroup;
			children = (
				846A092B259549AB00A915FF /* PreworkUITests.swift */,
				846A092D259549AB00A915FF /* Info.plist */,
			);
			path = PreworkUITests;
			sourceTree = "<group>";
		};
/* End PBXGroup section */

/* Begin PBXNativeTarget section */
		846A0905259549A800A915FF /* Prework */ = {
			isa = PBXNativeTarget;
			buildConfigurationList = 846A0930259549AB00A915FF /* Build configuration list for PBXNativeTarget "Prework" */;
			buildPhases = (
				846A0902259549A800A915FF /* Sources */,
				846A0903259549A800A915FF /* Frameworks */,
				846A0904259549A800A915FF /* Resources */,
			);
			buildRules = (
			);
			dependencies = (
			);
			name = Prework;
			productName = Prework;
			productReference = 846A0906259549A800A915FF /* Prework.app */;
			productType = "com.apple.product-type.application";
		};
		846A091B259549AB00A915FF /* PreworkTests */ = {
			isa = PBXNativeTarget;
			buildConfigurationList = 846A0933259549AB00A915FF /* Build configuration list for PBXNativeTarget "PreworkTests" */;
			buildPhases = (
				846A0918259549AB00A915FF /* Sources */,
				846A0919259549AB00A915FF /* Frameworks */,
				846A091A259549AB00A915FF /* Resources */,
			);
			buildRules = (
			);
			dependencies = (
				846A091E259549AB00A915FF /* PBXTargetDependency */,
			);
			name = PreworkTests;
			productName = PreworkTests;
			productReference = 846A091C259549AB00A915FF /* PreworkTests.xctest */;
			productType = "com.apple.product-type.bundle.unit-test";
		};
		846A0926259549AB00A915FF /* PreworkUITests */ = {
			isa = PBXNativeTarget;
			buildConfigurationList = 846A0936259549AB00A915FF /* Build configuration list for PBXNativeTarget "PreworkUITests" */;
			buildPhases = (
				846A0923259549AB00A915FF /* Sources */,
				846A0924259549AB00A915FF /* Frameworks */,
				846A0925259549AB00A915FF /* Resources */,
			);
			buildRules = (
			);
			dependencies = (
				846A0929259549AB00A915FF /* PBXTargetDependency */,
			);
			name = PreworkUITests;
			productName = PreworkUITests;
			productReference = 846A0927259549AB00A915FF /* PreworkUITests.xctest */;
			productType = "com.apple.product-type.bundle.ui-testing";
		};
/* End PBXNativeTarget section */

/* Begin PBXProject section */
		846A08FE259549A800A915FF /* Project object */ = {
			isa = PBXProject;
			attributes = {
				LastSwiftUpdateCheck = 1130;
				LastUpgradeCheck = 1130;
				ORGANIZATIONNAME = admin;
				TargetAttributes = {
					846A0905259549A800A915FF = {
						CreatedOnToolsVersion = 11.3.1;
					};
					846A091B259549AB00A915FF = {
						CreatedOnToolsVersion = 11.3.1;
						TestTargetID = 846A0905259549A800A915FF;
					};
					846A0926259549AB00A915FF = {
						CreatedOnToolsVersion = 11.3.1;
						TestTargetID = 846A0905259549A800A915FF;
					};
				};
			};
			buildConfigurationList = 846A0901259549A800A915FF /* Build configuration list for PBXProject "Prework" */;
			compatibilityVersion = "Xcode 9.3";
			developmentRegion = en;
			hasScannedForEncodings = 0;
			knownRegions = (
				en,
				Base,
			);
			mainGroup = 846A08FD259549A800A915FF;
			productRefGroup = 846A0907259549A800A915FF /* Products */;
			projectDirPath = "";
			projectRoot = "";
			targets = (
				846A0905259549A800A915FF /* Prework */,
				846A091B259549AB00A915FF /* PreworkTests */,
				846A0926259549AB00A915FF /* PreworkUITests */,
			);
		};
/* End PBXProject section */

/* Begin PBXResourcesBuildPhase section */
		846A0904259549A800A915FF /* Resources */ = {
			isa = PBXResourcesBuildPhase;
			buildActionMask = 2147483647;
			files = (
				846A0916259549AA00A915FF /* LaunchScreen.storyboard in Resources */,
				846A0913259549AA00A915FF /* Assets.xcassets in Resources */,
				846A0911259549A800A915FF /* Main.storyboard in Resources */,
			);
			runOnlyForDeploymentPostprocessing = 0;
		};
		846A091A259549AB00A915FF /* Resources */ = {
			isa = PBXResourcesBuildPhase;
			buildActionMask = 2147483647;
			files = (
			);
			runOnlyForDeploymentPostprocessing = 0;
		};
		846A0925259549AB00A915FF /* Resources */ = {
			isa = PBXResourcesBuildPhase;
			buildActionMask = 2147483647;
			files = (
			);
			runOnlyForDeploymentPostprocessing = 0;
		};
/* End PBXResourcesBuildPhase section */

/* Begin PBXSourcesBuildPhase section */
		846A0902259549A800A915FF /* Sources */ = {
			isa = PBXSourcesBuildPhase;
			buildActionMask = 2147483647;
			files = (
				846A090E259549A800A915FF /* ViewController.swift in Sources */,
				846A090A259549A800A915FF /* AppDelegate.swift in Sources */,
				846A090C259549A800A915FF /* SceneDelegate.swift in Sources */,
				846A093C2598297C00A915FF /* SettingsViewController.swift in Sources */,
			);
			runOnlyForDeploymentPostprocessing = 0;
		};
		846A0918259549AB00A915FF /* Sources */ = {
			isa = PBXSourcesBuildPhase;
			buildActionMask = 2147483647;
			files = (
				846A0921259549AB00A915FF /* PreworkTests.swift in Sources */,
			);
			runOnlyForDeploymentPostprocessing = 0;
		};
		846A0923259549AB00A915FF /* Sources */ = {
			isa = PBXSourcesBuildPhase;
			buildActionMask = 2147483647;
			files = (
				846A092C259549AB00A915FF /* PreworkUITests.swift in Sources */,
			);
			runOnlyForDeploymentPostprocessing = 0;
		};
/* End PBXSourcesBuildPhase section */

/* Begin PBXTargetDependency section */
		846A091E259549AB00A915FF /* PBXTargetDependency */ = {
			isa = PBXTargetDependency;
			target = 846A0905259549A800A915FF /* Prework */;
			targetProxy = 846A091D259549AB00A915FF /* PBXContainerItemProxy */;
		};
		846A0929259549AB00A915FF /* PBXTargetDependency */ = {
			isa = PBXTargetDependency;
			target = 846A0905259549A800A915FF /* Prework */;
			targetProxy = 846A0928259549AB00A915FF /* PBXContainerItemProxy */;
		};
/* End PBXTargetDependency section */

/* Begin PBXVariantGroup section */
		846A090F259549A800A915FF /* Main.storyboard */ = {
			isa = PBXVariantGroup;
			children = (
				846A0910259549A800A915FF /* Base */,
			);
			name = Main.storyboard;
			sourceTree = "<group>";
		};
		846A0914259549AA00A915FF /* LaunchScreen.storyboard */ = {
			isa = PBXVariantGroup;
			children = (
				846A0915259549AA00A915FF /* Base */,
			);
			name = LaunchScreen.storyboard;
			sourceTree = "<group>";
		};
/* End PBXVariantGroup section */

/* Begin XCBuildConfiguration section */
		846A092E259549AB00A915FF /* Debug */ = {
			isa = XCBuildConfiguration;
			buildSettings = {
				ALWAYS_SEARCH_USER_PATHS = NO;
				CLANG_ANALYZER_NONNULL = YES;
				CLANG_ANALYZER_NUMBER_OBJECT_CONVERSION = YES_AGGRESSIVE;
				CLANG_CXX_LANGUAGE_STANDARD = "gnu++14";
				CLANG_CXX_LIBRARY = "libc++";
				CLANG_ENABLE_MODULES = YES;
				CLANG_ENABLE_OBJC_ARC = YES;
				CLANG_ENABLE_OBJC_WEAK = YES;
				CLANG_WARN_BLOCK_CAPTURE_AUTORELEASING = YES;
				CLANG_WARN_BOOL_CONVERSION = YES;
				CLANG_WARN_COMMA = YES;
				CLANG_WARN_CONSTANT_CONVERSION = YES;
				CLANG_WARN_DEPRECATED_OBJC_IMPLEMENTATIONS = YES;
				CLANG_WARN_DIRECT_OBJC_ISA_USAGE = YES_ERROR;
				CLANG_WARN_DOCUMENTATION_COMMENTS = YES;
				CLANG_WARN_EMPTY_BODY = YES;
				CLANG_WARN_ENUM_CONVERSION = YES;
				CLANG_WARN_INFINITE_RECURSION = YES;
				CLANG_WARN_INT_CONVERSION = YES;
				CLANG_WARN_NON_LITERAL_NULL_CONVERSION = YES;
				CLANG_WARN_OBJC_IMPLICIT_RETAIN_SELF = YES;
				CLANG_WARN_OBJC_LITERAL_CONVERSION = YES;
				CLANG_WARN_OBJC_ROOT_CLASS = YES_ERROR;
				CLANG_WARN_RANGE_LOOP_ANALYSIS = YES;
				CLANG_WARN_STRICT_PROTOTYPES = YES;
				CLANG_WARN_SUSPICIOUS_MOVE = YES;
				CLANG_WARN_UNGUARDED_AVAILABILITY = YES_AGGRESSIVE;
				CLANG_WARN_UNREACHABLE_CODE = YES;
				CLANG_WARN__DUPLICATE_METHOD_MATCH = YES;
				COPY_PHASE_STRIP = NO;
				DEBUG_INFORMATION_FORMAT = dwarf;
				ENABLE_STRICT_OBJC_MSGSEND = YES;
				ENABLE_TESTABILITY = YES;
				GCC_C_LANGUAGE_STANDARD = gnu11;
				GCC_DYNAMIC_NO_PIC = NO;
				GCC_NO_COMMON_BLOCKS = YES;
				GCC_OPTIMIZATION_LEVEL = 0;
				GCC_PREPROCESSOR_DEFINITIONS = (
					"DEBUG=1",
					"$(inherited)",
				);
				GCC_WARN_64_TO_32_BIT_CONVERSION = YES;
				GCC_WARN_ABOUT_RETURN_TYPE = YES_ERROR;
				GCC_WARN_UNDECLARED_SELECTOR = YES;
				GCC_WARN_UNINITIALIZED_AUTOS = YES_AGGRESSIVE;
				GCC_WARN_UNUSED_FUNCTION = YES;
				GCC_WARN_UNUSED_VARIABLE = YES;
				IPHONEOS_DEPLOYMENT_TARGET = 13.2;
				MTL_ENABLE_DEBUG_INFO = INCLUDE_SOURCE;
				MTL_FAST_MATH = YES;
				ONLY_ACTIVE_ARCH = YES;
				SDKROOT = iphoneos;
				SWIFT_ACTIVE_COMPILATION_CONDITIONS = DEBUG;
				SWIFT_OPTIMIZATION_LEVEL = "-Onone";
			};
			name = Debug;
		};
		846A092F259549AB00A915FF /* Release */ = {
			isa = XCBuildConfiguration;
			buildSettings = {
				ALWAYS_SEARCH_USER_PATHS = NO;
				CLANG_ANALYZER_NONNULL = YES;
				CLANG_ANALYZER_NUMBER_OBJECT_CONVERSION = YES_AGGRESSIVE;
				CLANG_CXX_LANGUAGE_STANDARD = "gnu++14";
				CLANG_CXX_LIBRARY = "libc++";
				CLANG_ENABLE_MODULES = YES;
				CLANG_ENABLE_OBJC_ARC = YES;
				CLANG_ENABLE_OBJC_WEAK = YES;
				CLANG_WARN_BLOCK_CAPTURE_AUTORELEASING = YES;
				CLANG_WARN_BOOL_CONVERSION = YES;
				CLANG_WARN_COMMA = YES;
				CLANG_WARN_CONSTANT_CONVERSION = YES;
				CLANG_WARN_DEPRECATED_OBJC_IMPLEMENTATIONS = YES;
				CLANG_WARN_DIRECT_OBJC_ISA_USAGE = YES_ERROR;
				CLANG_WARN_DOCUMENTATION_COMMENTS = YES;
				CLANG_WARN_EMPTY_BODY = YES;
				CLANG_WARN_ENUM_CONVERSION = YES;
				CLANG_WARN_INFINITE_RECURSION = YES;
				CLANG_WARN_INT_CONVERSION = YES;
				CLANG_WARN_NON_LITERAL_NULL_CONVERSION = YES;
				CLANG_WARN_OBJC_IMPLICIT_RETAIN_SELF = YES;
				CLANG_WARN_OBJC_LITERAL_CONVERSION = YES;
				CLANG_WARN_OBJC_ROOT_CLASS = YES_ERROR;
				CLANG_WARN_RANGE_LOOP_ANALYSIS = YES;
				CLANG_WARN_STRICT_PROTOTYPES = YES;
				CLANG_WARN_SUSPICIOUS_MOVE = YES;
				CLANG_WARN_UNGUARDED_AVAILABILITY = YES_AGGRESSIVE;
				CLANG_WARN_UNREACHABLE_CODE = YES;
				CLANG_WARN__DUPLICATE_METHOD_MATCH = YES;
				COPY_PHASE_STRIP = NO;
				DEBUG_INFORMATION_FORMAT = "dwarf-with-dsym";
				ENABLE_NS_ASSERTIONS = NO;
				ENABLE_STRICT_OBJC_MSGSEND = YES;
				GCC_C_LANGUAGE_STANDARD = gnu11;
				GCC_NO_COMMON_BLOCKS = YES;
				GCC_WARN_64_TO_32_BIT_CONVERSION = YES;
				GCC_WARN_ABOUT_RETURN_TYPE = YES_ERROR;
				GCC_WARN_UNDECLARED_SELECTOR = YES;
				GCC_WARN_UNINITIALIZED_AUTOS = YES_AGGRESSIVE;
				GCC_WARN_UNUSED_FUNCTION = YES;
				GCC_WARN_UNUSED_VARIABLE = YES;
				IPHONEOS_DEPLOYMENT_TARGET = 13.2;
				MTL_ENABLE_DEBUG_INFO = NO;
				MTL_FAST_MATH = YES;
				SDKROOT = iphoneos;
				SWIFT_COMPILATION_MODE = wholemodule;
				SWIFT_OPTIMIZATION_LEVEL = "-O";
				VALIDATE_PRODUCT = YES;
			};
			name = Release;
		};
		846A0931259549AB00A915FF /* Debug */ = {
			isa = XCBuildConfiguration;
			buildSettings = {
				ASSETCATALOG_COMPILER_APPICON_NAME = AppIcon;
				CODE_SIGN_STYLE = Automatic;
				INFOPLIST_FILE = Prework/Info.plist;
				LD_RUNPATH_SEARCH_PATHS = (
					"$(inherited)",
					"@executable_path/Frameworks",
				);
				PRODUCT_BUNDLE_IDENTIFIER = "Rakesh-Nagaraju.Prework";
				PRODUCT_NAME = "$(TARGET_NAME)";
				SWIFT_VERSION = 5.0;
				TARGETED_DEVICE_FAMILY = "1,2";
			};
			name = Debug;
		};
		846A0932259549AB00A915FF /* Release */ = {
			isa = XCBuildConfiguration;
			buildSettings = {
				ASSETCATALOG_COMPILER_APPICON_NAME = AppIcon;
				CODE_SIGN_STYLE = Automatic;
				INFOPLIST_FILE = Prework/Info.plist;
				LD_RUNPATH_SEARCH_PATHS = (
					"$(inherited)",
					"@executable_path/Frameworks",
				);
				PRODUCT_BUNDLE_IDENTIFIER = "Rakesh-Nagaraju.Prework";
				PRODUCT_NAME = "$(TARGET_NAME)";
				SWIFT_VERSION = 5.0;
				TARGETED_DEVICE_FAMILY = "1,2";
			};
			name = Release;
		};
		846A0934259549AB00A915FF /* Debug */ = {
			isa = XCBuildConfiguration;
			buildSettings = {
				ALWAYS_EMBED_SWIFT_STANDARD_LIBRARIES = YES;
				BUNDLE_LOADER = "$(TEST_HOST)";
				CODE_SIGN_STYLE = Automatic;
				INFOPLIST_FILE = PreworkTests/Info.plist;
				IPHONEOS_DEPLOYMENT_TARGET = 13.2;
				LD_RUNPATH_SEARCH_PATHS = (
					"$(inherited)",
					"@executable_path/Frameworks",
					"@loader_path/Frameworks",
				);
				PRODUCT_BUNDLE_IDENTIFIER = "Rakesh-Nagaraju.PreworkTests";
				PRODUCT_NAME = "$(TARGET_NAME)";
				SWIFT_VERSION = 5.0;
				TARGETED_DEVICE_FAMILY = "1,2";
				TEST_HOST = "$(BUILT_PRODUCTS_DIR)/Prework.app/Prework";
			};
			name = Debug;
		};
		846A0935259549AB00A915FF /* Release */ = {
			isa = XCBuildConfiguration;
			buildSettings = {
				ALWAYS_EMBED_SWIFT_STANDARD_LIBRARIES = YES;
				BUNDLE_LOADER = "$(TEST_HOST)";
				CODE_SIGN_STYLE = Automatic;
				INFOPLIST_FILE = PreworkTests/Info.plist;
				IPHONEOS_DEPLOYMENT_TARGET = 13.2;
				LD_RUNPATH_SEARCH_PATHS = (
					"$(inherited)",
					"@executable_path/Frameworks",
					"@loader_path/Frameworks",
				);
				PRODUCT_BUNDLE_IDENTIFIER = "Rakesh-Nagaraju.PreworkTests";
				PRODUCT_NAME = "$(TARGET_NAME)";
				SWIFT_VERSION = 5.0;
				TARGETED_DEVICE_FAMILY = "1,2";
				TEST_HOST = "$(BUILT_PRODUCTS_DIR)/Prework.app/Prework";
			};
			name = Release;
		};
		846A0937259549AB00A915FF /* Debug */ = {
			isa = XCBuildConfiguration;
			buildSettings = {
				ALWAYS_EMBED_SWIFT_STANDARD_LIBRARIES = YES;
				CODE_SIGN_STYLE = Automatic;
				INFOPLIST_FILE = PreworkUITests/Info.plist;
				LD_RUNPATH_SEARCH_PATHS = (
					"$(inherited)",
					"@executable_path/Frameworks",
					"@loader_path/Frameworks",
				);
				PRODUCT_BUNDLE_IDENTIFIER = "Rakesh-Nagaraju.PreworkUITests";
				PRODUCT_NAME = "$(TARGET_NAME)";
				SWIFT_VERSION = 5.0;
				TARGETED_DEVICE_FAMILY = "1,2";
				TEST_TARGET_NAME = Prework;
			};
			name = Debug;
		};
		846A0938259549AB00A915FF /* Release */ = {
			isa = XCBuildConfiguration;
			buildSettings = {
				ALWAYS_EMBED_SWIFT_STANDARD_LIBRARIES = YES;
				CODE_SIGN_STYLE = Automatic;
				INFOPLIST_FILE = PreworkUITests/Info.plist;
				LD_RUNPATH_SEARCH_PATHS = (
					"$(inherited)",
					"@executable_path/Frameworks",
					"@loader_path/Frameworks",
				);
				PRODUCT_BUNDLE_IDENTIFIER = "Rakesh-Nagaraju.PreworkUITests";
				PRODUCT_NAME = "$(TARGET_NAME)";
				SWIFT_VERSION = 5.0;
				TARGETED_DEVICE_FAMILY = "1,2";
				TEST_TARGET_NAME = Prework;
			};
			name = Release;
		};
/* End XCBuildConfiguration section */

/* Begin XCConfigurationList section */
		846A0901259549A800A915FF /* Build configuration list for PBXProject "Prework" */ = {
			isa = XCConfigurationList;
			buildConfigurations = (
				846A092E259549AB00A915FF /* Debug */,
				846A092F259549AB00A915FF /* Release */,
			);
			defaultConfigurationIsVisible = 0;
			defaultConfigurationName = Release;
		};
		846A0930259549AB00A915FF /* Build configuration list for PBXNativeTarget "Prework" */ = {
			isa = XCConfigurationList;
			buildConfigurations = (
				846A0931259549AB00A915FF /* Debug */,
				846A0932259549AB00A915FF /* Release */,
			);
			defaultConfigurationIsVisible = 0;
			defaultConfigurationName = Release;
		};
		846A0933259549AB00A915FF /* Build configuration list for PBXNativeTarget "PreworkTests" */ = {
			isa = XCConfigurationList;
			buildConfigurations = (
				846A0934259549AB00A915FF /* Debug */,
				846A0935259549AB00A915FF /* Release */,
			);
			defaultConfigurationIsVisible = 0;
			defaultConfigurationName = Release;
		};
		846A0936259549AB00A915FF /* Build configuration list for PBXNativeTarget "PreworkUITests" */ = {
			isa = XCConfigurationList;
			buildConfigurations = (
				846A0937259549AB00A915FF /* Debug */,
				846A0938259549AB00A915FF /* Release */,
			);
			defaultConfigurationIsVisible = 0;
			defaultConfigurationName = Release;
		};
/* End XCConfigurationList section */
	};
	rootObject = 846A08FE259549A800A915FF /* Project object */;
}
